// !$*UTF8*$!
{
	archiveVersion = 1;
	classes = {
	};
	objectVersion = 50;
	objects = {

/* Begin PBXBuildFile section */
		98149052222805C300AE22B4 /* AppDelegate.swift in Sources */ = {isa = PBXBuildFile; fileRef = 98149051222805C300AE22B4 /* AppDelegate.swift */; };
		98149054222805C300AE22B4 /* ViewController.swift in Sources */ = {isa = PBXBuildFile; fileRef = 98149053222805C300AE22B4 /* ViewController.swift */; };
		98149057222805C300AE22B4 /* Main.storyboard in Resources */ = {isa = PBXBuildFile; fileRef = 98149055222805C300AE22B4 /* Main.storyboard */; };
		98149059222805C500AE22B4 /* Assets.xcassets in Resources */ = {isa = PBXBuildFile; fileRef = 98149058222805C500AE22B4 /* Assets.xcassets */; };
		9814905C222805C500AE22B4 /* LaunchScreen.storyboard in Resources */ = {isa = PBXBuildFile; fileRef = 9814905A222805C500AE22B4 /* LaunchScreen.storyboard */; };
		981490662228062100AE22B4 /* DTMF.swift in Sources */ = {isa = PBXBuildFile; fileRef = 981490652228062100AE22B4 /* DTMF.swift */; };
		981490902229246A00AE22B4 /* DTMFButton.swift in Sources */ = {isa = PBXBuildFile; fileRef = 9814908F2229246A00AE22B4 /* DTMFButton.swift */; };
/* End PBXBuildFile section */

/* Begin PBXFileReference section */
		9814904E222805C300AE22B4 /* DTMFSample.app */ = {isa = PBXFileReference; explicitFileType = wrapper.application; includeInIndex = 0; path = DTMFSample.app; sourceTree = BUILT_PRODUCTS_DIR; };
		98149051222805C300AE22B4 /* AppDelegate.swift */ = {isa = PBXFileReference; lastKnownFileType = sourcecode.swift; path = AppDelegate.swift; sourceTree = "<group>"; };
		98149053222805C300AE22B4 /* ViewController.swift */ = {isa = PBXFileReference; lastKnownFileType = sourcecode.swift; path = ViewController.swift; sourceTree = "<group>"; };
		98149056222805C300AE22B4 /* Base */ = {isa = PBXFileReference; lastKnownFileType = file.storyboard; name = Base; path = Base.lproj/Main.storyboard; sourceTree = "<group>"; };
		98149058222805C500AE22B4 /* Assets.xcassets */ = {isa = PBXFileReference; lastKnownFileType = folder.assetcatalog; path = Assets.xcassets; sourceTree = "<group>"; };
		9814905B222805C500AE22B4 /* Base */ = {isa = PBXFileReference; lastKnownFileType = file.storyboard; name = Base; path = Base.lproj/LaunchScreen.storyboard; sourceTree = "<group>"; };
		9814905D222805C500AE22B4 /* Info.plist */ = {isa = PBXFileReference; lastKnownFileType = text.plist.xml; path = Info.plist; sourceTree = "<group>"; };
		981490652228062100AE22B4 /* DTMF.swift */ = {isa = PBXFileReference; lastKnownFileType = sourcecode.swift; path = DTMF.swift; sourceTree = "<group>"; };
		9814908F2229246A00AE22B4 /* DTMFButton.swift */ = {isa = PBXFileReference; lastKnownFileType = sourcecode.swift; path = DTMFButton.swift; sourceTree = "<group>"; };
/* End PBXFileReference section */

/* Begin PBXFrameworksBuildPhase section */
		9814904B222805C300AE22B4 /* Frameworks */ = {
			isa = PBXFrameworksBuildPhase;
			buildActionMask = 2147483647;
			files = (
			);
			runOnlyForDeploymentPostprocessing = 0;
		};
/* End PBXFrameworksBuildPhase section */

/* Begin PBXGroup section */
		98149045222805C300AE22B4 = {
			isa = PBXGroup;
			children = (
				98149050222805C300AE22B4 /* DTMFSample */,
				9814904F222805C300AE22B4 /* Products */,
			);
			sourceTree = "<group>";
		};
		9814904F222805C300AE22B4 /* Products */ = {
			isa = PBXGroup;
			children = (
				9814904E222805C300AE22B4 /* DTMFSample.app */,
			);
			name = Products;
			sourceTree = "<group>";
		};
		98149050222805C300AE22B4 /* DTMFSample */ = {
			isa = PBXGroup;
			children = (
				98149051222805C300AE22B4 /* AppDelegate.swift */,
				98149053222805C300AE22B4 /* ViewController.swift */,
				981490652228062100AE22B4 /* DTMF.swift */,
				9814908F2229246A00AE22B4 /* DTMFButton.swift */,
				98149055222805C300AE22B4 /* Main.storyboard */,
				98149058222805C500AE22B4 /* Assets.xcassets */,
				9814905A222805C500AE22B4 /* LaunchScreen.storyboard */,
				9814905D222805C500AE22B4 /* Info.plist */,
			);
			path = DTMFSample;
			sourceTree = "<group>";
		};
/* End PBXGroup section */

/* Begin PBXNativeTarget section */
		9814904D222805C300AE22B4 /* DTMFSample */ = {
			isa = PBXNativeTarget;
			buildConfigurationList = 98149060222805C500AE22B4 /* Build configuration list for PBXNativeTarget "DTMFSample" */;
			buildPhases = (
				9814904A222805C300AE22B4 /* Sources */,
				9814904B222805C300AE22B4 /* Frameworks */,
				9814904C222805C300AE22B4 /* Resources */,
			);
			buildRules = (
			);
			dependencies = (
			);
			name = DTMFSample;
			productName = DTMFSample;
			productReference = 9814904E222805C300AE22B4 /* DTMFSample.app */;
			productType = "com.apple.product-type.application";
		};
/* End PBXNativeTarget section */

/* Begin PBXProject section */
		98149046222805C300AE22B4 /* Project object */ = {
			isa = PBXProject;
			attributes = {
				LastSwiftUpdateCheck = 1010;
				LastUpgradeCheck = 1010;
				TargetAttributes = {
					9814904D222805C300AE22B4 = {
						CreatedOnToolsVersion = 10.1;
					};
				};
			};
			buildConfigurationList = 98149049222805C300AE22B4 /* Build configuration list for PBXProject "DTMFSample" */;
			compatibilityVersion = "Xcode 9.3";
			developmentRegion = en;
			hasScannedForEncodings = 0;
			knownRegions = (
				en,
				Base,
			);
			mainGroup = 98149045222805C300AE22B4;
			productRefGroup = 9814904F222805C300AE22B4 /* Products */;
			projectDirPath = "";
			projectRoot = "";
			targets = (
				9814904D222805C300AE22B4 /* DTMFSample */,
			);
		};
/* End PBXProject section */

/* Begin PBXResourcesBuildPhase section */
		9814904C222805C300AE22B4 /* Resources */ = {
			isa = PBXResourcesBuildPhase;
			buildActionMask = 2147483647;
			files = (
				9814905C222805C500AE22B4 /* LaunchScreen.storyboard in Resources */,
				98149059222805C500AE22B4 /* Assets.xcassets in Resources */,
				98149057222805C300AE22B4 /* Main.storyboard in Resources */,
			);
			runOnlyForDeploymentPostprocessing = 0;
		};
/* End PBXResourcesBuildPhase section */

/* Begin PBXSourcesBuildPhase section */
		9814904A222805C300AE22B4 /* Sources */ = {
			isa = PBXSourcesBuildPhase;
			buildActionMask = 2147483647;
			files = (
				98149054222805C300AE22B4 /* ViewController.swift in Sources */,
				98149052222805C300AE22B4 /* AppDelegate.swift in Sources */,
				981490902229246A00AE22B4 /* DTMFButton.swift in Sources */,
				981490662228062100AE22B4 /* DTMF.swift in Sources */,
			);
			runOnlyForDeploymentPostprocessing = 0;
		};
/* End PBXSourcesBuildPhase section */

/* Begin PBXVariantGroup section */
		98149055222805C300AE22B4 /* Main.storyboard */ = {
			isa = PBXVariantGroup;
			children = (
				98149056222805C300AE22B4 /* Base */,
			);
			name = Main.storyboard;
			sourceTree = "<group>";
		};
		9814905A222805C500AE22B4 /* LaunchScreen.storyboard */ = {
			isa = PBXVariantGroup;
			children = (
				9814905B222805C500AE22B4 /* Base */,
			);
			name = LaunchScreen.storyboard;
			sourceTree = "<group>";
		};
/* End PBXVariantGroup section */

/* Begin XCBuildConfiguration section */
		9814905E222805C500AE22B4 /* Debug */ = {
			isa = XCBuildConfiguration;
			buildSettings = {
				ALWAYS_SEARCH_USER_PATHS = NO;
				CLANG_ANALYZER_NONNULL = YES;
				CLANG_ANALYZER_NUMBER_OBJECT_CONVERSION = YES_AGGRESSIVE;
				CLANG_CXX_LANGUAGE_STANDARD = "gnu++14";
				CLANG_CXX_LIBRARY = "libc++";
				CLANG_ENABLE_MODULES = YES;
				CLANG_ENABLE_OBJC_ARC = YES;
				CLANG_ENABLE_OBJC_WEAK = YES;
				CLANG_WARN_BLOCK_CAPTURE_AUTORELEASING = YES;
				CLANG_WARN_BOOL_CONVERSION = YES;
				CLANG_WARN_COMMA = YES;
				CLANG_WARN_CONSTANT_CONVERSION = YES;
				CLANG_WARN_DEPRECATED_OBJC_IMPLEMENTATIONS = YES;
				CLANG_WARN_DIRECT_OBJC_ISA_USAGE = YES_ERROR;
				CLANG_WARN_DOCUMENTATION_COMMENTS = YES;
				CLANG_WARN_EMPTY_BODY = YES;
				CLANG_WARN_ENUM_CONVERSION = YES;
				CLANG_WARN_INFINITE_RECURSION = YES;
				CLANG_WARN_INT_CONVERSION = YES;
				CLANG_WARN_NON_LITERAL_NULL_CONVERSION = YES;
				CLANG_WARN_OBJC_IMPLICIT_RETAIN_SELF = YES;
				CLANG_WARN_OBJC_LITERAL_CONVERSION = YES;
				CLANG_WARN_OBJC_ROOT_CLASS = YES_ERROR;
				CLANG_WARN_RANGE_LOOP_ANALYSIS = YES;
				CLANG_WARN_STRICT_PROTOTYPES = YES;
				CLANG_WARN_SUSPICIOUS_MOVE = YES;
				CLANG_WARN_UNGUARDED_AVAILABILITY = YES_AGGRESSIVE;
				CLANG_WARN_UNREACHABLE_CODE = YES;
				CLANG_WARN__DUPLICATE_METHOD_MATCH = YES;
				CODE_SIGN_IDENTITY = "iPhone Developer";
				COPY_PHASE_STRIP = NO;
				DEBUG_INFORMATION_FORMAT = dwarf;
				ENABLE_STRICT_OBJC_MSGSEND = YES;
				ENABLE_TESTABILITY = YES;
				GCC_C_LANGUAGE_STANDARD = gnu11;
				GCC_DYNAMIC_NO_PIC = NO;
				GCC_NO_COMMON_BLOCKS = YES;
				GCC_OPTIMIZATION_LEVEL = 0;
				GCC_PREPROCESSOR_DEFINITIONS = (
					"DEBUG=1",
					"$(inherited)",
				);
				GCC_WARN_64_TO_32_BIT_CONVERSION = YES;
				GCC_WARN_ABOUT_RETURN_TYPE = YES_ERROR;
				GCC_WARN_UNDECLARED_SELECTOR = YES;
				GCC_WARN_UNINITIALIZED_AUTOS = YES_AGGRESSIVE;
				GCC_WARN_UNUSED_FUNCTION = YES;
				GCC_WARN_UNUSED_VARIABLE = YES;
				IPHONEOS_DEPLOYMENT_TARGET = 12.1;
				MTL_ENABLE_DEBUG_INFO = INCLUDE_SOURCE;
				MTL_FAST_MATH = YES;
				ONLY_ACTIVE_ARCH = YES;
				SDKROOT = iphoneos;
				SWIFT_ACTIVE_COMPILATION_CONDITIONS = DEBUG;
				SWIFT_OPTIMIZATION_LEVEL = "-Onone";
			};
			name = Debug;
		};
		9814905F222805C500AE22B4 /* Release */ = {
			isa = XCBuildConfiguration;
			buildSettings = {
				ALWAYS_SEARCH_USER_PATHS = NO;
				CLANG_ANALYZER_NONNULL = YES;
				CLANG_ANALYZER_NUMBER_OBJECT_CONVERSION = YES_AGGRESSIVE;
				CLANG_CXX_LANGUAGE_STANDARD = "gnu++14";
				CLANG_CXX_LIBRARY = "libc++";
				CLANG_ENABLE_MODULES = YES;
				CLANG_ENABLE_OBJC_ARC = YES;
				CLANG_ENABLE_OBJC_WEAK = YES;
				CLANG_WARN_BLOCK_CAPTURE_AUTORELEASING = YES;
				CLANG_WARN_BOOL_CONVERSION = YES;
				CLANG_WARN_COMMA = YES;
				CLANG_WARN_CONSTANT_CONVERSION = YES;
				CLANG_WARN_DEPRECATED_OBJC_IMPLEMENTATIONS = YES;
				CLANG_WARN_DIRECT_OBJC_ISA_USAGE = YES_ERROR;
				CLANG_WARN_DOCUMENTATION_COMMENTS = YES;
				CLANG_WARN_EMPTY_BODY = YES;
				CLANG_WARN_ENUM_CONVERSION = YES;
				CLANG_WARN_INFINITE_RECURSION = YES;
				CLANG_WARN_INT_CONVERSION = YES;
				CLANG_WARN_NON_LITERAL_NULL_CONVERSION = YES;
				CLANG_WARN_OBJC_IMPLICIT_RETAIN_SELF = YES;
				CLANG_WARN_OBJC_LITERAL_CONVERSION = YES;
				CLANG_WARN_OBJC_ROOT_CLASS = YES_ERROR;
				CLANG_WARN_RANGE_LOOP_ANALYSIS = YES;
				CLANG_WARN_STRICT_PROTOTYPES = YES;
				CLANG_WARN_SUSPICIOUS_MOVE = YES;
				CLANG_WARN_UNGUARDED_AVAILABILITY = YES_AGGRESSIVE;
				CLANG_WARN_UNREACHABLE_CODE = YES;
				CLANG_WARN__DUPLICATE_METHOD_MATCH = YES;
				CODE_SIGN_IDENTITY = "iPhone Developer";
				COPY_PHASE_STRIP = NO;
				DEBUG_INFORMATION_FORMAT = "dwarf-with-dsym";
				ENABLE_NS_ASSERTIONS = NO;
				ENABLE_STRICT_OBJC_MSGSEND = YES;
				GCC_C_LANGUAGE_STANDARD = gnu11;
				GCC_NO_COMMON_BLOCKS = YES;
				GCC_WARN_64_TO_32_BIT_CONVERSION = YES;
				GCC_WARN_ABOUT_RETURN_TYPE = YES_ERROR;
				GCC_WARN_UNDECLARED_SELECTOR = YES;
				GCC_WARN_UNINITIALIZED_AUTOS = YES_AGGRESSIVE;
				GCC_WARN_UNUSED_FUNCTION = YES;
				GCC_WARN_UNUSED_VARIABLE = YES;
				IPHONEOS_DEPLOYMENT_TARGET = 12.1;
				MTL_ENABLE_DEBUG_INFO = NO;
				MTL_FAST_MATH = YES;
				SDKROOT = iphoneos;
				SWIFT_COMPILATION_MODE = wholemodule;
				SWIFT_OPTIMIZATION_LEVEL = "-O";
				VALIDATE_PRODUCT = YES;
			};
			name = Release;
		};
		98149061222805C500AE22B4 /* Debug */ = {
			isa = XCBuildConfiguration;
			buildSettings = {
				ASSETCATALOG_COMPILER_APPICON_NAME = AppIcon;
				CODE_SIGN_STYLE = Automatic;
				DEVELOPMENT_TEAM = YAKFQMD2LL;
				INFOPLIST_FILE = DTMFSample/Info.plist;
				LD_RUNPATH_SEARCH_PATHS = (
					"$(inherited)",
					"@executable_path/Frameworks",
				);
				PRODUCT_BUNDLE_IDENTIFIER = com.immmr.DTMFSample;
				PRODUCT_NAME = "$(TARGET_NAME)";
				SWIFT_VERSION = 4.2;
				TARGETED_DEVICE_FAMILY = "1,2";
			};
			name = Debug;
		};
		98149062222805C500AE22B4 /* Release */ = {
			isa = XCBuildConfiguration;
			buildSettings = {
				ASSETCATALOG_COMPILER_APPICON_NAME = AppIcon;
				CODE_SIGN_STYLE = Automatic;
				DEVELOPMENT_TEAM = YAKFQMD2LL;
				INFOPLIST_FILE = DTMFSample/Info.plist;
				LD_RUNPATH_SEARCH_PATHS = (
					"$(inherited)",
					"@executable_path/Frameworks",
				);
				PRODUCT_BUNDLE_IDENTIFIER = com.immmr.DTMFSample;
				PRODUCT_NAME = "$(TARGET_NAME)";
				SWIFT_VERSION = 4.2;
				TARGETED_DEVICE_FAMILY = "1,2";
			};
			name = Release;
		};
/* End XCBuildConfiguration section */

/* Begin XCConfigurationList section */
		98149049222805C300AE22B4 /* Build configuration list for PBXProject "DTMFSample" */ = {
			isa = XCConfigurationList;
			buildConfigurations = (
				9814905E222805C500AE22B4 /* Debug */,
				9814905F222805C500AE22B4 /* Release */,
			);
			defaultConfigurationIsVisible = 0;
			defaultConfigurationName = Release;
		};
		98149060222805C500AE22B4 /* Build configuration list for PBXNativeTarget "DTMFSample" */ = {
			isa = XCConfigurationList;
			buildConfigurations = (
				98149061222805C500AE22B4 /* Debug */,
				98149062222805C500AE22B4 /* Release */,
			);
			defaultConfigurationIsVisible = 0;
			defaultConfigurationName = Release;
		};
/* End XCConfigurationList section */
	};
	rootObject = 98149046222805C300AE22B4 /* Project object */;
}
